// !$*UTF8*$!
{
	archiveVersion = 1;
	classes = {
	};
	objectVersion = 56;
	objects = {

/* Begin PBXBuildFile section */
		3D1197332BAAEF49003621C9 /* Alamofire in Frameworks */ = {isa = PBXBuildFile; productRef = 3D1197322BAAEF49003621C9 /* Alamofire */; };
		3D1197382BAAF02C003621C9 /* RxCocoa in Frameworks */ = {isa = PBXBuildFile; productRef = 3D1197372BAAF02C003621C9 /* RxCocoa */; };
		3D11973A2BAAF02C003621C9 /* RxSwift in Frameworks */ = {isa = PBXBuildFile; productRef = 3D1197392BAAF02C003621C9 /* RxSwift */; };
		3D1197412BAAFADB003621C9 /* Buttons.swift in Sources */ = {isa = PBXBuildFile; fileRef = 3D1197402BAAFADB003621C9 /* Buttons.swift */; };
		3D1197432BAAFB41003621C9 /* HistoryList.swift in Sources */ = {isa = PBXBuildFile; fileRef = 3D1197422BAAFB41003621C9 /* HistoryList.swift */; };
		3D1197452BAAFB9F003621C9 /* LocalFilesView.swift in Sources */ = {isa = PBXBuildFile; fileRef = 3D1197442BAAFB9F003621C9 /* LocalFilesView.swift */; };
		3D1197472BAAFC2D003621C9 /* PdfContentView.swift in Sources */ = {isa = PBXBuildFile; fileRef = 3D1197462BAAFC2D003621C9 /* PdfContentView.swift */; };
		3D1197492BAAFF73003621C9 /* HistoryView.swift in Sources */ = {isa = PBXBuildFile; fileRef = 3D1197482BAAFF73003621C9 /* HistoryView.swift */; };
		3D11974B2BAB0047003621C9 /* FetchUrlView.swift in Sources */ = {isa = PBXBuildFile; fileRef = 3D11974A2BAB0047003621C9 /* FetchUrlView.swift */; };
		3D11974D2BAB16D0003621C9 /* SpeechService.swift in Sources */ = {isa = PBXBuildFile; fileRef = 3D11974C2BAB16D0003621C9 /* SpeechService.swift */; };
		3DBC215F2BA9928E001B2898 /* SpeakEasyApp.swift in Sources */ = {isa = PBXBuildFile; fileRef = 3DBC215E2BA9928E001B2898 /* SpeakEasyApp.swift */; };
		3DBC21612BA9928E001B2898 /* ContentView.swift in Sources */ = {isa = PBXBuildFile; fileRef = 3DBC21602BA9928E001B2898 /* ContentView.swift */; };
		3DBC21632BA99292001B2898 /* Assets.xcassets in Resources */ = {isa = PBXBuildFile; fileRef = 3DBC21622BA99292001B2898 /* Assets.xcassets */; };
		3DBC21662BA99292001B2898 /* Preview Assets.xcassets in Resources */ = {isa = PBXBuildFile; fileRef = 3DBC21652BA99292001B2898 /* Preview Assets.xcassets */; };
		3DBC21702BA99292001B2898 /* SpeakEasyTests.swift in Sources */ = {isa = PBXBuildFile; fileRef = 3DBC216F2BA99292001B2898 /* SpeakEasyTests.swift */; };
		3DBC217A2BA99292001B2898 /* SpeakEasyUITests.swift in Sources */ = {isa = PBXBuildFile; fileRef = 3DBC21792BA99292001B2898 /* SpeakEasyUITests.swift */; };
		3DBC217C2BA99292001B2898 /* SpeakEasyUITestsLaunchTests.swift in Sources */ = {isa = PBXBuildFile; fileRef = 3DBC217B2BA99292001B2898 /* SpeakEasyUITestsLaunchTests.swift */; };
/* End PBXBuildFile section */

/* Begin PBXContainerItemProxy section */
		3DBC216C2BA99292001B2898 /* PBXContainerItemProxy */ = {
			isa = PBXContainerItemProxy;
			containerPortal = 3DBC21532BA9928E001B2898 /* Project object */;
			proxyType = 1;
			remoteGlobalIDString = 3DBC215A2BA9928E001B2898;
			remoteInfo = SpeakEasy;
		};
		3DBC21762BA99292001B2898 /* PBXContainerItemProxy */ = {
			isa = PBXContainerItemProxy;
			containerPortal = 3DBC21532BA9928E001B2898 /* Project object */;
			proxyType = 1;
			remoteGlobalIDString = 3DBC215A2BA9928E001B2898;
			remoteInfo = SpeakEasy;
		};
/* End PBXContainerItemProxy section */

/* Begin PBXFileReference section */
		3D1197302BAAEEF4003621C9 /* Info.plist */ = {isa = PBXFileReference; lastKnownFileType = text.plist; path = Info.plist; sourceTree = "<group>"; };
		3D1197402BAAFADB003621C9 /* Buttons.swift */ = {isa = PBXFileReference; lastKnownFileType = sourcecode.swift; path = Buttons.swift; sourceTree = "<group>"; };
		3D1197422BAAFB41003621C9 /* HistoryList.swift */ = {isa = PBXFileReference; lastKnownFileType = sourcecode.swift; path = HistoryList.swift; sourceTree = "<group>"; };
		3D1197442BAAFB9F003621C9 /* LocalFilesView.swift */ = {isa = PBXFileReference; lastKnownFileType = sourcecode.swift; path = LocalFilesView.swift; sourceTree = "<group>"; };
		3D1197462BAAFC2D003621C9 /* PdfContentView.swift */ = {isa = PBXFileReference; lastKnownFileType = sourcecode.swift; path = PdfContentView.swift; sourceTree = "<group>"; };
		3D1197482BAAFF73003621C9 /* HistoryView.swift */ = {isa = PBXFileReference; lastKnownFileType = sourcecode.swift; path = HistoryView.swift; sourceTree = "<group>"; };
		3D11974A2BAB0047003621C9 /* FetchUrlView.swift */ = {isa = PBXFileReference; lastKnownFileType = sourcecode.swift; path = FetchUrlView.swift; sourceTree = "<group>"; };
		3D11974C2BAB16D0003621C9 /* SpeechService.swift */ = {isa = PBXFileReference; lastKnownFileType = sourcecode.swift; path = SpeechService.swift; sourceTree = "<group>"; };
		3DBC215B2BA9928E001B2898 /* SpeakEasy.app */ = {isa = PBXFileReference; explicitFileType = wrapper.application; includeInIndex = 0; path = SpeakEasy.app; sourceTree = BUILT_PRODUCTS_DIR; };
		3DBC215E2BA9928E001B2898 /* SpeakEasyApp.swift */ = {isa = PBXFileReference; lastKnownFileType = sourcecode.swift; path = SpeakEasyApp.swift; sourceTree = "<group>"; };
		3DBC21602BA9928E001B2898 /* ContentView.swift */ = {isa = PBXFileReference; lastKnownFileType = sourcecode.swift; path = ContentView.swift; sourceTree = "<group>"; };
		3DBC21622BA99292001B2898 /* Assets.xcassets */ = {isa = PBXFileReference; lastKnownFileType = folder.assetcatalog; path = Assets.xcassets; sourceTree = "<group>"; };
		3DBC21652BA99292001B2898 /* Preview Assets.xcassets */ = {isa = PBXFileReference; lastKnownFileType = folder.assetcatalog; path = "Preview Assets.xcassets"; sourceTree = "<group>"; };
		3DBC216B2BA99292001B2898 /* SpeakEasyTests.xctest */ = {isa = PBXFileReference; explicitFileType = wrapper.cfbundle; includeInIndex = 0; path = SpeakEasyTests.xctest; sourceTree = BUILT_PRODUCTS_DIR; };
		3DBC216F2BA99292001B2898 /* SpeakEasyTests.swift */ = {isa = PBXFileReference; lastKnownFileType = sourcecode.swift; path = SpeakEasyTests.swift; sourceTree = "<group>"; };
		3DBC21752BA99292001B2898 /* SpeakEasyUITests.xctest */ = {isa = PBXFileReference; explicitFileType = wrapper.cfbundle; includeInIndex = 0; path = SpeakEasyUITests.xctest; sourceTree = BUILT_PRODUCTS_DIR; };
		3DBC21792BA99292001B2898 /* SpeakEasyUITests.swift */ = {isa = PBXFileReference; lastKnownFileType = sourcecode.swift; path = SpeakEasyUITests.swift; sourceTree = "<group>"; };
		3DBC217B2BA99292001B2898 /* SpeakEasyUITestsLaunchTests.swift */ = {isa = PBXFileReference; lastKnownFileType = sourcecode.swift; path = SpeakEasyUITestsLaunchTests.swift; sourceTree = "<group>"; };
/* End PBXFileReference section */

/* Begin PBXFrameworksBuildPhase section */
		3DBC21582BA9928E001B2898 /* Frameworks */ = {
			isa = PBXFrameworksBuildPhase;
			buildActionMask = 2147483647;
			files = (
				3D11973A2BAAF02C003621C9 /* RxSwift in Frameworks */,
				3D1197382BAAF02C003621C9 /* RxCocoa in Frameworks */,
				3D1197332BAAEF49003621C9 /* Alamofire in Frameworks */,
			);
			runOnlyForDeploymentPostprocessing = 0;
		};
		3DBC21682BA99292001B2898 /* Frameworks */ = {
			isa = PBXFrameworksBuildPhase;
			buildActionMask = 2147483647;
			files = (
			);
			runOnlyForDeploymentPostprocessing = 0;
		};
		3DBC21722BA99292001B2898 /* Frameworks */ = {
			isa = PBXFrameworksBuildPhase;
			buildActionMask = 2147483647;
			files = (
			);
			runOnlyForDeploymentPostprocessing = 0;
		};
/* End PBXFrameworksBuildPhase section */

/* Begin PBXGroup section */
		3D11973B2BAAF983003621C9 /* Views */ = {
			isa = PBXGroup;
			children = (
				3DBC21602BA9928E001B2898 /* ContentView.swift */,
				3D1197442BAAFB9F003621C9 /* LocalFilesView.swift */,
				3D1197462BAAFC2D003621C9 /* PdfContentView.swift */,
				3D1197482BAAFF73003621C9 /* HistoryView.swift */,
				3D11974A2BAB0047003621C9 /* FetchUrlView.swift */,
			);
			path = Views;
			sourceTree = "<group>";
		};
		3D11973C2BAAF9B2003621C9 /* ViewModels */ = {
			isa = PBXGroup;
			children = (
			);
			path = ViewModels;
			sourceTree = "<group>";
		};
		3D11973D2BAAF9C3003621C9 /* Models */ = {
			isa = PBXGroup;
			children = (
			);
			path = Models;
			sourceTree = "<group>";
		};
		3D11973E2BAAF9D3003621C9 /* Services */ = {
			isa = PBXGroup;
			children = (
				3D11974C2BAB16D0003621C9 /* SpeechService.swift */,
			);
			path = Services;
			sourceTree = "<group>";
		};
		3D11973F2BAAF9DB003621C9 /* Components */ = {
			isa = PBXGroup;
			children = (
				3D1197402BAAFADB003621C9 /* Buttons.swift */,
				3D1197422BAAFB41003621C9 /* HistoryList.swift */,
			);
			path = Components;
			sourceTree = "<group>";
		};
		3D701D372BAAD88F00BEBA70 /* Frameworks */ = {
			isa = PBXGroup;
			children = (
			);
			name = Frameworks;
			sourceTree = "<group>";
		};
		3DBC21522BA9928E001B2898 = {
			isa = PBXGroup;
			children = (
				3DBC215D2BA9928E001B2898 /* SpeakEasy */,
				3DBC216E2BA99292001B2898 /* SpeakEasyTests */,
				3DBC21782BA99292001B2898 /* SpeakEasyUITests */,
				3DBC215C2BA9928E001B2898 /* Products */,
				3D701D372BAAD88F00BEBA70 /* Frameworks */,
			);
			sourceTree = "<group>";
		};
		3DBC215C2BA9928E001B2898 /* Products */ = {
			isa = PBXGroup;
			children = (
				3DBC215B2BA9928E001B2898 /* SpeakEasy.app */,
				3DBC216B2BA99292001B2898 /* SpeakEasyTests.xctest */,
				3DBC21752BA99292001B2898 /* SpeakEasyUITests.xctest */,
			);
			name = Products;
			sourceTree = "<group>";
		};
		3DBC215D2BA9928E001B2898 /* SpeakEasy */ = {
			isa = PBXGroup;
			children = (
				3D11973F2BAAF9DB003621C9 /* Components */,
				3D11973E2BAAF9D3003621C9 /* Services */,
				3D11973D2BAAF9C3003621C9 /* Models */,
				3D11973C2BAAF9B2003621C9 /* ViewModels */,
				3D11973B2BAAF983003621C9 /* Views */,
				3D1197302BAAEEF4003621C9 /* Info.plist */,
				3DBC215E2BA9928E001B2898 /* SpeakEasyApp.swift */,
				3DBC21622BA99292001B2898 /* Assets.xcassets */,
				3DBC21642BA99292001B2898 /* Preview Content */,
			);
			path = SpeakEasy;
			sourceTree = "<group>";
		};
		3DBC21642BA99292001B2898 /* Preview Content */ = {
			isa = PBXGroup;
			children = (
				3DBC21652BA99292001B2898 /* Preview Assets.xcassets */,
			);
			path = "Preview Content";
			sourceTree = "<group>";
		};
		3DBC216E2BA99292001B2898 /* SpeakEasyTests */ = {
			isa = PBXGroup;
			children = (
				3DBC216F2BA99292001B2898 /* SpeakEasyTests.swift */,
			);
			path = SpeakEasyTests;
			sourceTree = "<group>";
		};
		3DBC21782BA99292001B2898 /* SpeakEasyUITests */ = {
			isa = PBXGroup;
			children = (
				3DBC21792BA99292001B2898 /* SpeakEasyUITests.swift */,
				3DBC217B2BA99292001B2898 /* SpeakEasyUITestsLaunchTests.swift */,
			);
			path = SpeakEasyUITests;
			sourceTree = "<group>";
		};
/* End PBXGroup section */

/* Begin PBXNativeTarget section */
		3DBC215A2BA9928E001B2898 /* SpeakEasy */ = {
			isa = PBXNativeTarget;
			buildConfigurationList = 3DBC217F2BA99292001B2898 /* Build configuration list for PBXNativeTarget "SpeakEasy" */;
			buildPhases = (
				3DBC21572BA9928E001B2898 /* Sources */,
				3DBC21582BA9928E001B2898 /* Frameworks */,
				3DBC21592BA9928E001B2898 /* Resources */,
			);
			buildRules = (
			);
			dependencies = (
			);
			name = SpeakEasy;
			packageProductDependencies = (
				3D1197322BAAEF49003621C9 /* Alamofire */,
				3D1197372BAAF02C003621C9 /* RxCocoa */,
				3D1197392BAAF02C003621C9 /* RxSwift */,
			);
			productName = SpeakEasy;
			productReference = 3DBC215B2BA9928E001B2898 /* SpeakEasy.app */;
			productType = "com.apple.product-type.application";
		};
		3DBC216A2BA99292001B2898 /* SpeakEasyTests */ = {
			isa = PBXNativeTarget;
			buildConfigurationList = 3DBC21822BA99292001B2898 /* Build configuration list for PBXNativeTarget "SpeakEasyTests" */;
			buildPhases = (
				3DBC21672BA99292001B2898 /* Sources */,
				3DBC21682BA99292001B2898 /* Frameworks */,
				3DBC21692BA99292001B2898 /* Resources */,
			);
			buildRules = (
			);
			dependencies = (
				3DBC216D2BA99292001B2898 /* PBXTargetDependency */,
			);
			name = SpeakEasyTests;
			productName = SpeakEasyTests;
			productReference = 3DBC216B2BA99292001B2898 /* SpeakEasyTests.xctest */;
			productType = "com.apple.product-type.bundle.unit-test";
		};
		3DBC21742BA99292001B2898 /* SpeakEasyUITests */ = {
			isa = PBXNativeTarget;
			buildConfigurationList = 3DBC21852BA99293001B2898 /* Build configuration list for PBXNativeTarget "SpeakEasyUITests" */;
			buildPhases = (
				3DBC21712BA99292001B2898 /* Sources */,
				3DBC21722BA99292001B2898 /* Frameworks */,
				3DBC21732BA99292001B2898 /* Resources */,
			);
			buildRules = (
			);
			dependencies = (
				3DBC21772BA99292001B2898 /* PBXTargetDependency */,
			);
			name = SpeakEasyUITests;
			productName = SpeakEasyUITests;
			productReference = 3DBC21752BA99292001B2898 /* SpeakEasyUITests.xctest */;
			productType = "com.apple.product-type.bundle.ui-testing";
		};
/* End PBXNativeTarget section */

/* Begin PBXProject section */
		3DBC21532BA9928E001B2898 /* Project object */ = {
			isa = PBXProject;
			attributes = {
				BuildIndependentTargetsInParallel = 1;
				LastSwiftUpdateCheck = 1420;
				LastUpgradeCheck = 1420;
				TargetAttributes = {
					3DBC215A2BA9928E001B2898 = {
						CreatedOnToolsVersion = 14.2;
					};
					3DBC216A2BA99292001B2898 = {
						CreatedOnToolsVersion = 14.2;
						TestTargetID = 3DBC215A2BA9928E001B2898;
					};
					3DBC21742BA99292001B2898 = {
						CreatedOnToolsVersion = 14.2;
						TestTargetID = 3DBC215A2BA9928E001B2898;
					};
				};
			};
			buildConfigurationList = 3DBC21562BA9928E001B2898 /* Build configuration list for PBXProject "SpeakEasy" */;
			compatibilityVersion = "Xcode 14.0";
			developmentRegion = en;
			hasScannedForEncodings = 0;
			knownRegions = (
				en,
				Base,
			);
			mainGroup = 3DBC21522BA9928E001B2898;
			packageReferences = (
				3D1197312BAAEF49003621C9 /* XCRemoteSwiftPackageReference "Alamofire" */,
				3D1197362BAAF02C003621C9 /* XCRemoteSwiftPackageReference "RxSwift" */,
			);
			productRefGroup = 3DBC215C2BA9928E001B2898 /* Products */;
			projectDirPath = "";
			projectRoot = "";
			targets = (
				3DBC215A2BA9928E001B2898 /* SpeakEasy */,
				3DBC216A2BA99292001B2898 /* SpeakEasyTests */,
				3DBC21742BA99292001B2898 /* SpeakEasyUITests */,
			);
		};
/* End PBXProject section */

/* Begin PBXResourcesBuildPhase section */
		3DBC21592BA9928E001B2898 /* Resources */ = {
			isa = PBXResourcesBuildPhase;
			buildActionMask = 2147483647;
			files = (
				3DBC21662BA99292001B2898 /* Preview Assets.xcassets in Resources */,
				3DBC21632BA99292001B2898 /* Assets.xcassets in Resources */,
			);
			runOnlyForDeploymentPostprocessing = 0;
		};
		3DBC21692BA99292001B2898 /* Resources */ = {
			isa = PBXResourcesBuildPhase;
			buildActionMask = 2147483647;
			files = (
			);
			runOnlyForDeploymentPostprocessing = 0;
		};
		3DBC21732BA99292001B2898 /* Resources */ = {
			isa = PBXResourcesBuildPhase;
			buildActionMask = 2147483647;
			files = (
			);
			runOnlyForDeploymentPostprocessing = 0;
		};
/* End PBXResourcesBuildPhase section */

/* Begin PBXSourcesBuildPhase section */
		3DBC21572BA9928E001B2898 /* Sources */ = {
			isa = PBXSourcesBuildPhase;
			buildActionMask = 2147483647;
			files = (
				3D1197492BAAFF73003621C9 /* HistoryView.swift in Sources */,
				3DBC21612BA9928E001B2898 /* ContentView.swift in Sources */,
				3D1197412BAAFADB003621C9 /* Buttons.swift in Sources */,
				3D1197452BAAFB9F003621C9 /* LocalFilesView.swift in Sources */,
				3D1197472BAAFC2D003621C9 /* PdfContentView.swift in Sources */,
				3D11974D2BAB16D0003621C9 /* SpeechService.swift in Sources */,
				3D11974B2BAB0047003621C9 /* FetchUrlView.swift in Sources */,
				3D1197432BAAFB41003621C9 /* HistoryList.swift in Sources */,
				3DBC215F2BA9928E001B2898 /* SpeakEasyApp.swift in Sources */,
			);
			runOnlyForDeploymentPostprocessing = 0;
		};
		3DBC21672BA99292001B2898 /* Sources */ = {
			isa = PBXSourcesBuildPhase;
			buildActionMask = 2147483647;
			files = (
				3DBC21702BA99292001B2898 /* SpeakEasyTests.swift in Sources */,
			);
			runOnlyForDeploymentPostprocessing = 0;
		};
		3DBC21712BA99292001B2898 /* Sources */ = {
			isa = PBXSourcesBuildPhase;
			buildActionMask = 2147483647;
			files = (
				3DBC217A2BA99292001B2898 /* SpeakEasyUITests.swift in Sources */,
				3DBC217C2BA99292001B2898 /* SpeakEasyUITestsLaunchTests.swift in Sources */,
			);
			runOnlyForDeploymentPostprocessing = 0;
		};
/* End PBXSourcesBuildPhase section */

/* Begin PBXTargetDependency section */
		3DBC216D2BA99292001B2898 /* PBXTargetDependency */ = {
			isa = PBXTargetDependency;
			target = 3DBC215A2BA9928E001B2898 /* SpeakEasy */;
			targetProxy = 3DBC216C2BA99292001B2898 /* PBXContainerItemProxy */;
		};
		3DBC21772BA99292001B2898 /* PBXTargetDependency */ = {
			isa = PBXTargetDependency;
			target = 3DBC215A2BA9928E001B2898 /* SpeakEasy */;
			targetProxy = 3DBC21762BA99292001B2898 /* PBXContainerItemProxy */;
		};
/* End PBXTargetDependency section */

/* Begin XCBuildConfiguration section */
		3DBC217D2BA99292001B2898 /* Debug */ = {
			isa = XCBuildConfiguration;
			buildSettings = {
				ALWAYS_SEARCH_USER_PATHS = NO;
				CLANG_ANALYZER_NONNULL = YES;
				CLANG_ANALYZER_NUMBER_OBJECT_CONVERSION = YES_AGGRESSIVE;
				CLANG_CXX_LANGUAGE_STANDARD = "gnu++20";
				CLANG_ENABLE_MODULES = YES;
				CLANG_ENABLE_OBJC_ARC = YES;
				CLANG_ENABLE_OBJC_WEAK = YES;
				CLANG_WARN_BLOCK_CAPTURE_AUTORELEASING = YES;
				CLANG_WARN_BOOL_CONVERSION = YES;
				CLANG_WARN_COMMA = YES;
				CLANG_WARN_CONSTANT_CONVERSION = YES;
				CLANG_WARN_DEPRECATED_OBJC_IMPLEMENTATIONS = YES;
				CLANG_WARN_DIRECT_OBJC_ISA_USAGE = YES_ERROR;
				CLANG_WARN_DOCUMENTATION_COMMENTS = YES;
				CLANG_WARN_EMPTY_BODY = YES;
				CLANG_WARN_ENUM_CONVERSION = YES;
				CLANG_WARN_INFINITE_RECURSION = YES;
				CLANG_WARN_INT_CONVERSION = YES;
				CLANG_WARN_NON_LITERAL_NULL_CONVERSION = YES;
				CLANG_WARN_OBJC_IMPLICIT_RETAIN_SELF = YES;
				CLANG_WARN_OBJC_LITERAL_CONVERSION = YES;
				CLANG_WARN_OBJC_ROOT_CLASS = YES_ERROR;
				CLANG_WARN_QUOTED_INCLUDE_IN_FRAMEWORK_HEADER = YES;
				CLANG_WARN_RANGE_LOOP_ANALYSIS = YES;
				CLANG_WARN_STRICT_PROTOTYPES = YES;
				CLANG_WARN_SUSPICIOUS_MOVE = YES;
				CLANG_WARN_UNGUARDED_AVAILABILITY = YES_AGGRESSIVE;
				CLANG_WARN_UNREACHABLE_CODE = YES;
				CLANG_WARN__DUPLICATE_METHOD_MATCH = YES;
				COPY_PHASE_STRIP = NO;
				DEBUG_INFORMATION_FORMAT = dwarf;
				ENABLE_STRICT_OBJC_MSGSEND = YES;
				ENABLE_TESTABILITY = YES;
				GCC_C_LANGUAGE_STANDARD = gnu11;
				GCC_DYNAMIC_NO_PIC = NO;
				GCC_NO_COMMON_BLOCKS = YES;
				GCC_OPTIMIZATION_LEVEL = 0;
				GCC_PREPROCESSOR_DEFINITIONS = (
					"DEBUG=1",
					"$(inherited)",
				);
				GCC_WARN_64_TO_32_BIT_CONVERSION = YES;
				GCC_WARN_ABOUT_RETURN_TYPE = YES_ERROR;
				GCC_WARN_UNDECLARED_SELECTOR = YES;
				GCC_WARN_UNINITIALIZED_AUTOS = YES_AGGRESSIVE;
				GCC_WARN_UNUSED_FUNCTION = YES;
				GCC_WARN_UNUSED_VARIABLE = YES;
				IPHONEOS_DEPLOYMENT_TARGET = 16.2;
				MTL_ENABLE_DEBUG_INFO = INCLUDE_SOURCE;
				MTL_FAST_MATH = YES;
				ONLY_ACTIVE_ARCH = YES;
				SDKROOT = iphoneos;
				SWIFT_ACTIVE_COMPILATION_CONDITIONS = DEBUG;
				SWIFT_OPTIMIZATION_LEVEL = "-Onone";
			};
			name = Debug;
		};
		3DBC217E2BA99292001B2898 /* Release */ = {
			isa = XCBuildConfiguration;
			buildSettings = {
				ALWAYS_SEARCH_USER_PATHS = NO;
				CLANG_ANALYZER_NONNULL = YES;
				CLANG_ANALYZER_NUMBER_OBJECT_CONVERSION = YES_AGGRESSIVE;
				CLANG_CXX_LANGUAGE_STANDARD = "gnu++20";
				CLANG_ENABLE_MODULES = YES;
				CLANG_ENABLE_OBJC_ARC = YES;
				CLANG_ENABLE_OBJC_WEAK = YES;
				CLANG_WARN_BLOCK_CAPTURE_AUTORELEASING = YES;
				CLANG_WARN_BOOL_CONVERSION = YES;
				CLANG_WARN_COMMA = YES;
				CLANG_WARN_CONSTANT_CONVERSION = YES;
				CLANG_WARN_DEPRECATED_OBJC_IMPLEMENTATIONS = YES;
				CLANG_WARN_DIRECT_OBJC_ISA_USAGE = YES_ERROR;
				CLANG_WARN_DOCUMENTATION_COMMENTS = YES;
				CLANG_WARN_EMPTY_BODY = YES;
				CLANG_WARN_ENUM_CONVERSION = YES;
				CLANG_WARN_INFINITE_RECURSION = YES;
				CLANG_WARN_INT_CONVERSION = YES;
				CLANG_WARN_NON_LITERAL_NULL_CONVERSION = YES;
				CLANG_WARN_OBJC_IMPLICIT_RETAIN_SELF = YES;
				CLANG_WARN_OBJC_LITERAL_CONVERSION = YES;
				CLANG_WARN_OBJC_ROOT_CLASS = YES_ERROR;
				CLANG_WARN_QUOTED_INCLUDE_IN_FRAMEWORK_HEADER = YES;
				CLANG_WARN_RANGE_LOOP_ANALYSIS = YES;
				CLANG_WARN_STRICT_PROTOTYPES = YES;
				CLANG_WARN_SUSPICIOUS_MOVE = YES;
				CLANG_WARN_UNGUARDED_AVAILABILITY = YES_AGGRESSIVE;
				CLANG_WARN_UNREACHABLE_CODE = YES;
				CLANG_WARN__DUPLICATE_METHOD_MATCH = YES;
				COPY_PHASE_STRIP = NO;
				DEBUG_INFORMATION_FORMAT = "dwarf-with-dsym";
				ENABLE_NS_ASSERTIONS = NO;
				ENABLE_STRICT_OBJC_MSGSEND = YES;
				GCC_C_LANGUAGE_STANDARD = gnu11;
				GCC_NO_COMMON_BLOCKS = YES;
				GCC_WARN_64_TO_32_BIT_CONVERSION = YES;
				GCC_WARN_ABOUT_RETURN_TYPE = YES_ERROR;
				GCC_WARN_UNDECLARED_SELECTOR = YES;
				GCC_WARN_UNINITIALIZED_AUTOS = YES_AGGRESSIVE;
				GCC_WARN_UNUSED_FUNCTION = YES;
				GCC_WARN_UNUSED_VARIABLE = YES;
				IPHONEOS_DEPLOYMENT_TARGET = 16.2;
				MTL_ENABLE_DEBUG_INFO = NO;
				MTL_FAST_MATH = YES;
				SDKROOT = iphoneos;
				SWIFT_COMPILATION_MODE = wholemodule;
				SWIFT_OPTIMIZATION_LEVEL = "-O";
				VALIDATE_PRODUCT = YES;
			};
			name = Release;
		};
		3DBC21802BA99292001B2898 /* Debug */ = {
			isa = XCBuildConfiguration;
			buildSettings = {
				ASSETCATALOG_COMPILER_APPICON_NAME = AppIcon;
				ASSETCATALOG_COMPILER_GLOBAL_ACCENT_COLOR_NAME = AccentColor;
				CODE_SIGN_STYLE = Automatic;
				CURRENT_PROJECT_VERSION = 1;
				DEVELOPMENT_ASSET_PATHS = "\"SpeakEasy/Preview Content\"";
				DEVELOPMENT_TEAM = 2QHJ75X57T;
				ENABLE_PREVIEWS = YES;
				FRAMEWORK_SEARCH_PATHS = (
					"$(inherited)",
					"$(PROJECT_DIR)/Carthage/Build/iOS",
				);
				GENERATE_INFOPLIST_FILE = YES;
				INFOPLIST_FILE = SpeakEasy/Info.plist;
				INFOPLIST_KEY_UIApplicationSceneManifest_Generation = YES;
				INFOPLIST_KEY_UIApplicationSupportsIndirectInputEvents = YES;
				INFOPLIST_KEY_UILaunchScreen_Generation = YES;
				INFOPLIST_KEY_UISupportedInterfaceOrientations = "UIInterfaceOrientationPortrait UIInterfaceOrientationPortraitUpsideDown";
				INFOPLIST_KEY_UISupportedInterfaceOrientations_iPad = "UIInterfaceOrientationLandscapeLeft UIInterfaceOrientationLandscapeRight UIInterfaceOrientationPortrait UIInterfaceOrientationPortraitUpsideDown";
				LD_RUNPATH_SEARCH_PATHS = (
					"$(inherited)",
					"@executable_path/Frameworks",
				);
				MARKETING_VERSION = 1.0;
				ONLY_ACTIVE_ARCH = YES;
				PRODUCT_BUNDLE_IDENTIFIER = kod.systems.SpeakEasy;
				PRODUCT_NAME = "$(TARGET_NAME)";
				SUPPORTED_PLATFORMS = "iphoneos iphonesimulator";
				SUPPORTS_MACCATALYST = NO;
				SUPPORTS_MAC_DESIGNED_FOR_IPHONE_IPAD = NO;
				SWIFT_EMIT_LOC_STRINGS = YES;
				SWIFT_VERSION = 5.0;
				TARGETED_DEVICE_FAMILY = "1,2";
			};
			name = Debug;
		};
		3DBC21812BA99292001B2898 /* Release */ = {
			isa = XCBuildConfiguration;
			buildSettings = {
				ASSETCATALOG_COMPILER_APPICON_NAME = AppIcon;
				ASSETCATALOG_COMPILER_GLOBAL_ACCENT_COLOR_NAME = AccentColor;
				CODE_SIGN_STYLE = Automatic;
				CURRENT_PROJECT_VERSION = 1;
				DEVELOPMENT_ASSET_PATHS = "\"SpeakEasy/Preview Content\"";
				DEVELOPMENT_TEAM = 2QHJ75X57T;
				ENABLE_PREVIEWS = YES;
				FRAMEWORK_SEARCH_PATHS = (
					"$(inherited)",
					"$(PROJECT_DIR)/Carthage/Build/iOS",
				);
				GENERATE_INFOPLIST_FILE = YES;
				INFOPLIST_FILE = SpeakEasy/Info.plist;
				INFOPLIST_KEY_UIApplicationSceneManifest_Generation = YES;
				INFOPLIST_KEY_UIApplicationSupportsIndirectInputEvents = YES;
				INFOPLIST_KEY_UILaunchScreen_Generation = YES;
				INFOPLIST_KEY_UISupportedInterfaceOrientations = "UIInterfaceOrientationPortrait UIInterfaceOrientationPortraitUpsideDown";
				INFOPLIST_KEY_UISupportedInterfaceOrientations_iPad = "UIInterfaceOrientationLandscapeLeft UIInterfaceOrientationLandscapeRight UIInterfaceOrientationPortrait UIInterfaceOrientationPortraitUpsideDown";
				LD_RUNPATH_SEARCH_PATHS = (
					"$(inherited)",
					"@executable_path/Frameworks",
				);
				MARKETING_VERSION = 1.0;
				ONLY_ACTIVE_ARCH = YES;
				PRODUCT_BUNDLE_IDENTIFIER = kod.systems.SpeakEasy;
				PRODUCT_NAME = "$(TARGET_NAME)";
				SUPPORTED_PLATFORMS = "iphoneos iphonesimulator";
				SUPPORTS_MACCATALYST = NO;
				SUPPORTS_MAC_DESIGNED_FOR_IPHONE_IPAD = NO;
				SWIFT_EMIT_LOC_STRINGS = YES;
				SWIFT_VERSION = 5.0;
				TARGETED_DEVICE_FAMILY = "1,2";
			};
			name = Release;
		};
		3DBC21832BA99292001B2898 /* Debug */ = {
			isa = XCBuildConfiguration;
			buildSettings = {
				ALWAYS_EMBED_SWIFT_STANDARD_LIBRARIES = YES;
				BUNDLE_LOADER = "$(TEST_HOST)";
				CODE_SIGN_STYLE = Automatic;
				CURRENT_PROJECT_VERSION = 1;
				DEVELOPMENT_TEAM = 2QHJ75X57T;
				GENERATE_INFOPLIST_FILE = YES;
				IPHONEOS_DEPLOYMENT_TARGET = 16.2;
				MARKETING_VERSION = 1.0;
				PRODUCT_BUNDLE_IDENTIFIER = kod.systems.SpeakEasyTests;
				PRODUCT_NAME = "$(TARGET_NAME)";
				SWIFT_EMIT_LOC_STRINGS = NO;
				SWIFT_VERSION = 5.0;
				TARGETED_DEVICE_FAMILY = "1,2";
				TEST_HOST = "$(BUILT_PRODUCTS_DIR)/SpeakEasy.app/$(BUNDLE_EXECUTABLE_FOLDER_PATH)/SpeakEasy";
			};
			name = Debug;
		};
		3DBC21842BA99292001B2898 /* Release */ = {
			isa = XCBuildConfiguration;
			buildSettings = {
				ALWAYS_EMBED_SWIFT_STANDARD_LIBRARIES = YES;
				BUNDLE_LOADER = "$(TEST_HOST)";
				CODE_SIGN_STYLE = Automatic;
				CURRENT_PROJECT_VERSION = 1;
				DEVELOPMENT_TEAM = 2QHJ75X57T;
				GENERATE_INFOPLIST_FILE = YES;
				IPHONEOS_DEPLOYMENT_TARGET = 16.2;
				MARKETING_VERSION = 1.0;
				PRODUCT_BUNDLE_IDENTIFIER = kod.systems.SpeakEasyTests;
				PRODUCT_NAME = "$(TARGET_NAME)";
				SWIFT_EMIT_LOC_STRINGS = NO;
				SWIFT_VERSION = 5.0;
				TARGETED_DEVICE_FAMILY = "1,2";
				TEST_HOST = "$(BUILT_PRODUCTS_DIR)/SpeakEasy.app/$(BUNDLE_EXECUTABLE_FOLDER_PATH)/SpeakEasy";
			};
			name = Release;
		};
		3DBC21862BA99293001B2898 /* Debug */ = {
			isa = XCBuildConfiguration;
			buildSettings = {
				ALWAYS_EMBED_SWIFT_STANDARD_LIBRARIES = YES;
				"CODE_SIGN_IDENTITY[sdk=macosx*]" = "Apple Development";
				CODE_SIGN_STYLE = Automatic;
				CURRENT_PROJECT_VERSION = 1;
				DEVELOPMENT_TEAM = 2QHJ75X57T;
				GENERATE_INFOPLIST_FILE = YES;
				MARKETING_VERSION = 1.0;
				PRODUCT_BUNDLE_IDENTIFIER = kod.systems.SpeakEasyUITests;
				PRODUCT_NAME = "$(TARGET_NAME)";
				SWIFT_EMIT_LOC_STRINGS = NO;
				SWIFT_VERSION = 5.0;
				TARGETED_DEVICE_FAMILY = "1,2";
				TEST_TARGET_NAME = SpeakEasy;
			};
			name = Debug;
		};
		3DBC21872BA99293001B2898 /* Release */ = {
			isa = XCBuildConfiguration;
			buildSettings = {
				ALWAYS_EMBED_SWIFT_STANDARD_LIBRARIES = YES;
				"CODE_SIGN_IDENTITY[sdk=macosx*]" = "Apple Development";
				CODE_SIGN_STYLE = Automatic;
				CURRENT_PROJECT_VERSION = 1;
				DEVELOPMENT_TEAM = 2QHJ75X57T;
				GENERATE_INFOPLIST_FILE = YES;
				MARKETING_VERSION = 1.0;
				PRODUCT_BUNDLE_IDENTIFIER = kod.systems.SpeakEasyUITests;
				PRODUCT_NAME = "$(TARGET_NAME)";
				SWIFT_EMIT_LOC_STRINGS = NO;
				SWIFT_VERSION = 5.0;
				TARGETED_DEVICE_FAMILY = "1,2";
				TEST_TARGET_NAME = SpeakEasy;
			};
			name = Release;
		};
/* End XCBuildConfiguration section */

/* Begin XCConfigurationList section */
		3DBC21562BA9928E001B2898 /* Build configuration list for PBXProject "SpeakEasy" */ = {
			isa = XCConfigurationList;
			buildConfigurations = (
				3DBC217D2BA99292001B2898 /* Debug */,
				3DBC217E2BA99292001B2898 /* Release */,
			);
			defaultConfigurationIsVisible = 0;
			defaultConfigurationName = Release;
		};
		3DBC217F2BA99292001B2898 /* Build configuration list for PBXNativeTarget "SpeakEasy" */ = {
			isa = XCConfigurationList;
			buildConfigurations = (
				3DBC21802BA99292001B2898 /* Debug */,
				3DBC21812BA99292001B2898 /* Release */,
			);
			defaultConfigurationIsVisible = 0;
			defaultConfigurationName = Release;
		};
		3DBC21822BA99292001B2898 /* Build configuration list for PBXNativeTarget "SpeakEasyTests" */ = {
			isa = XCConfigurationList;
			buildConfigurations = (
				3DBC21832BA99292001B2898 /* Debug */,
				3DBC21842BA99292001B2898 /* Release */,
			);
			defaultConfigurationIsVisible = 0;
			defaultConfigurationName = Release;
		};
		3DBC21852BA99293001B2898 /* Build configuration list for PBXNativeTarget "SpeakEasyUITests" */ = {
			isa = XCConfigurationList;
			buildConfigurations = (
				3DBC21862BA99293001B2898 /* Debug */,
				3DBC21872BA99293001B2898 /* Release */,
			);
			defaultConfigurationIsVisible = 0;
			defaultConfigurationName = Release;
		};
/* End XCConfigurationList section */

/* Begin XCRemoteSwiftPackageReference section */
		3D1197312BAAEF49003621C9 /* XCRemoteSwiftPackageReference "Alamofire" */ = {
			isa = XCRemoteSwiftPackageReference;
			repositoryURL = "https://github.com/Alamofire/Alamofire.git";
			requirement = {
				kind = upToNextMajorVersion;
				minimumVersion = 5.0.0;
			};
		};
		3D1197362BAAF02C003621C9 /* XCRemoteSwiftPackageReference "RxSwift" */ = {
			isa = XCRemoteSwiftPackageReference;
			repositoryURL = "https://github.com/ReactiveX/RxSwift.git";
			requirement = {
				kind = upToNextMajorVersion;
				minimumVersion = 6.0.0;
			};
		};
/* End XCRemoteSwiftPackageReference section */

/* Begin XCSwiftPackageProductDependency section */
		3D1197322BAAEF49003621C9 /* Alamofire */ = {
			isa = XCSwiftPackageProductDependency;
			package = 3D1197312BAAEF49003621C9 /* XCRemoteSwiftPackageReference "Alamofire" */;
			productName = Alamofire;
		};
		3D1197372BAAF02C003621C9 /* RxCocoa */ = {
			isa = XCSwiftPackageProductDependency;
			package = 3D1197362BAAF02C003621C9 /* XCRemoteSwiftPackageReference "RxSwift" */;
			productName = RxCocoa;
		};
		3D1197392BAAF02C003621C9 /* RxSwift */ = {
			isa = XCSwiftPackageProductDependency;
			package = 3D1197362BAAF02C003621C9 /* XCRemoteSwiftPackageReference "RxSwift" */;
			productName = RxSwift;
		};
/* End XCSwiftPackageProductDependency section */
	};
	rootObject = 3DBC21532BA9928E001B2898 /* Project object */;
}
